{
  "name": "hyperion",
  "version": "1.0.1",
  "lockfileVersion": 3,
  "requires": true,
  "packages": {
    "": {
      "name": "hyperion",
      "version": "1.0.1",
      "license": "ISC",
      "dependencies": {
        "hyperion": "file:"
      }
    },
    "node_modules/hyperion": {
      "resolved": "",
      "link": true
    }
  }
}
